
Microsoft Visual Studio Solution File, Format Version 11.00
# Visual Studio 2010
Project("{FAE04EC0-301F-11D3-BF4B-00C04F79EFBC}") = "baglantı", "baglantı\baglantı.csproj", "{2FBBD263-BFEC-41BB-AD6A-26C6D099AEE6}"
EndProject
Global
	GlobalSection(SolutionConfigurationPlatforms) = preSolution
		Debug|x86 = Debug|x86
		Release|x86 = Release|x86
	EndGlobalSection
	GlobalSection(ProjectConfigurationPlatforms) = postSolution
		{2FBBD263-BFEC-41BB-AD6A-26C6D099AEE6}.Debug|x86.ActiveCfg = Debug|x86
		{2FBBD263-BFEC-41BB-AD6A-26C6D099AEE6}.Debug|x86.Build.0 = Debug|x86
		{2FBBD263-BFEC-41BB-AD6A-26C6D099AEE6}.Release|x86.ActiveCfg = Release|x86
		{2FBBD263-BFEC-41BB-AD6A-26C6D099AEE6}.Release|x86.Build.0 = Release|x86
	EndGlobalSection
	GlobalSection(SolutionProperties) = preSolution
		HideSolutionNode = FALSE
	EndGlobalSection
EndGlobal
