
Microsoft Visual Studio Solution File, Format Version 11.00
# Visual Studio 2010
Project("{FAE04EC0-301F-11D3-BF4B-00C04F79EFBC}") = "kullanıcı_girisi", "kullanıcı_girisi\kullanıcı_girisi.csproj", "{972EB6AB-4D9B-4108-B6B7-26672D56AD24}"
EndProject
Global
	GlobalSection(SolutionConfigurationPlatforms) = preSolution
		Debug|x86 = Debug|x86
		Release|x86 = Release|x86
	EndGlobalSection
	GlobalSection(ProjectConfigurationPlatforms) = postSolution
		{972EB6AB-4D9B-4108-B6B7-26672D56AD24}.Debug|x86.ActiveCfg = Debug|x86
		{972EB6AB-4D9B-4108-B6B7-26672D56AD24}.Debug|x86.Build.0 = Debug|x86
		{972EB6AB-4D9B-4108-B6B7-26672D56AD24}.Release|x86.ActiveCfg = Release|x86
		{972EB6AB-4D9B-4108-B6B7-26672D56AD24}.Release|x86.Build.0 = Release|x86
	EndGlobalSection
	GlobalSection(SolutionProperties) = preSolution
		HideSolutionNode = FALSE
	EndGlobalSection
EndGlobal
